// !$*UTF8*$!
{
	archiveVersion = 1;
	classes = {
	};
	objectVersion = 46;
	objects = {

/* Begin PBXBuildFile section */
		D0D2084114C71B1F003B9FA1 /* UIKit.framework in Frameworks */ = {isa = PBXBuildFile; fileRef = D0D2084014C71B1F003B9FA1 /* UIKit.framework */; };
		D0D2084314C71B1F003B9FA1 /* Foundation.framework in Frameworks */ = {isa = PBXBuildFile; fileRef = D0D2084214C71B1F003B9FA1 /* Foundation.framework */; };
		D0D2084514C71B1F003B9FA1 /* CoreGraphics.framework in Frameworks */ = {isa = PBXBuildFile; fileRef = D0D2084414C71B1F003B9FA1 /* CoreGraphics.framework */; };
		D0D2084B14C71B20003B9FA1 /* InfoPlist.strings in Resources */ = {isa = PBXBuildFile; fileRef = D0D2084914C71B20003B9FA1 /* InfoPlist.strings */; };
		D0D2084D14C71B20003B9FA1 /* main.m in Sources */ = {isa = PBXBuildFile; fileRef = D0D2084C14C71B20003B9FA1 /* main.m */; };
		D0D2085114C71B20003B9FA1 /* CalculatorAppDelegate.m in Sources */ = {isa = PBXBuildFile; fileRef = D0D2085014C71B20003B9FA1 /* CalculatorAppDelegate.m */; };
		D0D2085414C71B20003B9FA1 /* MainStoryboard.storyboard in Resources */ = {isa = PBXBuildFile; fileRef = D0D2085214C71B20003B9FA1 /* MainStoryboard.storyboard */; };
		D0D2085714C71B20003B9FA1 /* CalculatorViewController.m in Sources */ = {isa = PBXBuildFile; fileRef = D0D2085614C71B20003B9FA1 /* CalculatorViewController.m */; };
		D0D2085F14C7280F003B9FA1 /* CalculatorBrain.m in Sources */ = {isa = PBXBuildFile; fileRef = D0D2085E14C7280F003B9FA1 /* CalculatorBrain.m */; };
/* End PBXBuildFile section */

/* Begin PBXFileReference section */
		D0D2083C14C71B1F003B9FA1 /* Calculator.app */ = {isa = PBXFileReference; explicitFileType = wrapper.application; includeInIndex = 0; path = Calculator.app; sourceTree = BUILT_PRODUCTS_DIR; };
		D0D2084014C71B1F003B9FA1 /* UIKit.framework */ = {isa = PBXFileReference; lastKnownFileType = wrapper.framework; name = UIKit.framework; path = System/Library/Frameworks/UIKit.framework; sourceTree = SDKROOT; };
		D0D2084214C71B1F003B9FA1 /* Foundation.framework */ = {isa = PBXFileReference; lastKnownFileType = wrapper.framework; name = Foundation.framework; path = System/Library/Frameworks/Foundation.framework; sourceTree = SDKROOT; };
		D0D2084414C71B1F003B9FA1 /* CoreGraphics.framework */ = {isa = PBXFileReference; lastKnownFileType = wrapper.framework; name = CoreGraphics.framework; path = System/Library/Frameworks/CoreGraphics.framework; sourceTree = SDKROOT; };
		D0D2084814C71B20003B9FA1 /* Calculator-Info.plist */ = {isa = PBXFileReference; lastKnownFileType = text.plist.xml; path = "Calculator-Info.plist"; sourceTree = "<group>"; };
		D0D2084A14C71B20003B9FA1 /* en */ = {isa = PBXFileReference; lastKnownFileType = text.plist.strings; name = en; path = en.lproj/InfoPlist.strings; sourceTree = "<group>"; };
		D0D2084C14C71B20003B9FA1 /* main.m */ = {isa = PBXFileReference; lastKnownFileType = sourcecode.c.objc; path = main.m; sourceTree = "<group>"; };
		D0D2084E14C71B20003B9FA1 /* Calculator-Prefix.pch */ = {isa = PBXFileReference; lastKnownFileType = sourcecode.c.h; path = "Calculator-Prefix.pch"; sourceTree = "<group>"; };
		D0D2084F14C71B20003B9FA1 /* CalculatorAppDelegate.h */ = {isa = PBXFileReference; lastKnownFileType = sourcecode.c.h; path = CalculatorAppDelegate.h; sourceTree = "<group>"; };
		D0D2085014C71B20003B9FA1 /* CalculatorAppDelegate.m */ = {isa = PBXFileReference; lastKnownFileType = sourcecode.c.objc; path = CalculatorAppDelegate.m; sourceTree = "<group>"; };
		D0D2085314C71B20003B9FA1 /* en */ = {isa = PBXFileReference; lastKnownFileType = file.storyboard; name = en; path = en.lproj/MainStoryboard.storyboard; sourceTree = "<group>"; };
		D0D2085514C71B20003B9FA1 /* CalculatorViewController.h */ = {isa = PBXFileReference; lastKnownFileType = sourcecode.c.h; path = CalculatorViewController.h; sourceTree = "<group>"; };
		D0D2085614C71B20003B9FA1 /* CalculatorViewController.m */ = {isa = PBXFileReference; lastKnownFileType = sourcecode.c.objc; path = CalculatorViewController.m; sourceTree = "<group>"; };
		D0D2085D14C7280F003B9FA1 /* CalculatorBrain.h */ = {isa = PBXFileReference; fileEncoding = 4; lastKnownFileType = sourcecode.c.h; path = CalculatorBrain.h; sourceTree = "<group>"; };
		D0D2085E14C7280F003B9FA1 /* CalculatorBrain.m */ = {isa = PBXFileReference; fileEncoding = 4; lastKnownFileType = sourcecode.c.objc; path = CalculatorBrain.m; sourceTree = "<group>"; };
/* End PBXFileReference section */

/* Begin PBXFrameworksBuildPhase section */
		D0D2083914C71B1F003B9FA1 /* Frameworks */ = {
			isa = PBXFrameworksBuildPhase;
			buildActionMask = 2147483647;
			files = (
				D0D2084114C71B1F003B9FA1 /* UIKit.framework in Frameworks */,
				D0D2084314C71B1F003B9FA1 /* Foundation.framework in Frameworks */,
				D0D2084514C71B1F003B9FA1 /* CoreGraphics.framework in Frameworks */,
			);
			runOnlyForDeploymentPostprocessing = 0;
		};
/* End PBXFrameworksBuildPhase section */

/* Begin PBXGroup section */
		D0D2083114C71B1F003B9FA1 = {
			isa = PBXGroup;
			children = (
				D0D2084614C71B20003B9FA1 /* Calculator */,
				D0D2083F14C71B1F003B9FA1 /* Frameworks */,
				D0D2083D14C71B1F003B9FA1 /* Products */,
			);
			sourceTree = "<group>";
		};
		D0D2083D14C71B1F003B9FA1 /* Products */ = {
			isa = PBXGroup;
			children = (
				D0D2083C14C71B1F003B9FA1 /* Calculator.app */,
			);
			name = Products;
			sourceTree = "<group>";
		};
		D0D2083F14C71B1F003B9FA1 /* Frameworks */ = {
			isa = PBXGroup;
			children = (
				D0D2084014C71B1F003B9FA1 /* UIKit.framework */,
				D0D2084214C71B1F003B9FA1 /* Foundation.framework */,
				D0D2084414C71B1F003B9FA1 /* CoreGraphics.framework */,
			);
			name = Frameworks;
			sourceTree = "<group>";
		};
		D0D2084614C71B20003B9FA1 /* Calculator */ = {
			isa = PBXGroup;
			children = (
				D0D2084F14C71B20003B9FA1 /* CalculatorAppDelegate.h */,
				D0D2085014C71B20003B9FA1 /* CalculatorAppDelegate.m */,
				D0D2085214C71B20003B9FA1 /* MainStoryboard.storyboard */,
				D0D2085D14C7280F003B9FA1 /* CalculatorBrain.h */,
				D0D2085E14C7280F003B9FA1 /* CalculatorBrain.m */,
				D0D2085514C71B20003B9FA1 /* CalculatorViewController.h */,
				D0D2085614C71B20003B9FA1 /* CalculatorViewController.m */,
				D0D2084714C71B20003B9FA1 /* Supporting Files */,
			);
			path = Calculator;
			sourceTree = "<group>";
		};
		D0D2084714C71B20003B9FA1 /* Supporting Files */ = {
			isa = PBXGroup;
			children = (
				D0D2084814C71B20003B9FA1 /* Calculator-Info.plist */,
				D0D2084914C71B20003B9FA1 /* InfoPlist.strings */,
				D0D2084C14C71B20003B9FA1 /* main.m */,
				D0D2084E14C71B20003B9FA1 /* Calculator-Prefix.pch */,
			);
			name = "Supporting Files";
			sourceTree = "<group>";
		};
/* End PBXGroup section */

/* Begin PBXNativeTarget section */
		D0D2083B14C71B1F003B9FA1 /* Calculator */ = {
			isa = PBXNativeTarget;
			buildConfigurationList = D0D2085A14C71B20003B9FA1 /* Build configuration list for PBXNativeTarget "Calculator" */;
			buildPhases = (
				D0D2083814C71B1F003B9FA1 /* Sources */,
				D0D2083914C71B1F003B9FA1 /* Frameworks */,
				D0D2083A14C71B1F003B9FA1 /* Resources */,
			);
			buildRules = (
			);
			dependencies = (
			);
			name = Calculator;
			productName = Calculator;
			productReference = D0D2083C14C71B1F003B9FA1 /* Calculator.app */;
			productType = "com.apple.product-type.application";
		};
/* End PBXNativeTarget section */

/* Begin PBXProject section */
		D0D2083314C71B1F003B9FA1 /* Project object */ = {
			isa = PBXProject;
			attributes = {
				LastUpgradeCheck = 0420;
			};
			buildConfigurationList = D0D2083614C71B1F003B9FA1 /* Build configuration list for PBXProject "Calculator" */;
			compatibilityVersion = "Xcode 3.2";
			developmentRegion = English;
			hasScannedForEncodings = 0;
			knownRegions = (
				en,
			);
			mainGroup = D0D2083114C71B1F003B9FA1;
			productRefGroup = D0D2083D14C71B1F003B9FA1 /* Products */;
			projectDirPath = "";
			projectRoot = "";
			targets = (
				D0D2083B14C71B1F003B9FA1 /* Calculator */,
			);
		};
/* End PBXProject section */

/* Begin PBXResourcesBuildPhase section */
		D0D2083A14C71B1F003B9FA1 /* Resources */ = {
			isa = PBXResourcesBuildPhase;
			buildActionMask = 2147483647;
			files = (
				D0D2084B14C71B20003B9FA1 /* InfoPlist.strings in Resources */,
				D0D2085414C71B20003B9FA1 /* MainStoryboard.storyboard in Resources */,
			);
			runOnlyForDeploymentPostprocessing = 0;
		};
/* End PBXResourcesBuildPhase section */

/* Begin PBXSourcesBuildPhase section */
		D0D2083814C71B1F003B9FA1 /* Sources */ = {
			isa = PBXSourcesBuildPhase;
			buildActionMask = 2147483647;
			files = (
				D0D2084D14C71B20003B9FA1 /* main.m in Sources */,
				D0D2085114C71B20003B9FA1 /* CalculatorAppDelegate.m in Sources */,
				D0D2085714C71B20003B9FA1 /* CalculatorViewController.m in Sources */,
				D0D2085F14C7280F003B9FA1 /* CalculatorBrain.m in Sources */,
			);
			runOnlyForDeploymentPostprocessing = 0;
		};
/* End PBXSourcesBuildPhase section */

/* Begin PBXVariantGroup section */
		D0D2084914C71B20003B9FA1 /* InfoPlist.strings */ = {
			isa = PBXVariantGroup;
			children = (
				D0D2084A14C71B20003B9FA1 /* en */,
			);
			name = InfoPlist.strings;
			sourceTree = "<group>";
		};
		D0D2085214C71B20003B9FA1 /* MainStoryboard.storyboard */ = {
			isa = PBXVariantGroup;
			children = (
				D0D2085314C71B20003B9FA1 /* en */,
			);
			name = MainStoryboard.storyboard;
			sourceTree = "<group>";
		};
/* End PBXVariantGroup section */

/* Begin XCBuildConfiguration section */
		D0D2085814C71B20003B9FA1 /* Debug */ = {
			isa = XCBuildConfiguration;
			buildSettings = {
				ALWAYS_SEARCH_USER_PATHS = NO;
				ARCHS = "$(ARCHS_STANDARD_32_BIT)";
				CLANG_ENABLE_OBJC_ARC = YES;
				"CODE_SIGN_IDENTITY[sdk=iphoneos*]" = "iPhone Developer";
				COPY_PHASE_STRIP = NO;
				GCC_C_LANGUAGE_STANDARD = gnu99;
				GCC_DYNAMIC_NO_PIC = NO;
				GCC_OPTIMIZATION_LEVEL = 0;
				GCC_PREPROCESSOR_DEFINITIONS = (
					"DEBUG=1",
					"$(inherited)",
				);
				GCC_SYMBOLS_PRIVATE_EXTERN = NO;
				GCC_VERSION = com.apple.compilers.llvm.clang.1_0;
				GCC_WARN_ABOUT_MISSING_PROTOTYPES = YES;
				GCC_WARN_ABOUT_RETURN_TYPE = YES;
				GCC_WARN_UNUSED_VARIABLE = YES;
				IPHONEOS_DEPLOYMENT_TARGET = 5.0;
				SDKROOT = iphoneos;
			};
			name = Debug;
		};
		D0D2085914C71B20003B9FA1 /* Release */ = {
			isa = XCBuildConfiguration;
			buildSettings = {
				ALWAYS_SEARCH_USER_PATHS = NO;
				ARCHS = "$(ARCHS_STANDARD_32_BIT)";
				CLANG_ENABLE_OBJC_ARC = YES;
				"CODE_SIGN_IDENTITY[sdk=iphoneos*]" = "iPhone Developer";
				COPY_PHASE_STRIP = YES;
				GCC_C_LANGUAGE_STANDARD = gnu99;
				GCC_VERSION = com.apple.compilers.llvm.clang.1_0;
				GCC_WARN_ABOUT_MISSING_PROTOTYPES = YES;
				GCC_WARN_ABOUT_RETURN_TYPE = YES;
				GCC_WARN_UNUSED_VARIABLE = YES;
				IPHONEOS_DEPLOYMENT_TARGET = 5.0;
				OTHER_CFLAGS = "-DNS_BLOCK_ASSERTIONS=1";
				SDKROOT = iphoneos;
				VALIDATE_PRODUCT = YES;
			};
			name = Release;
		};
		D0D2085B14C71B20003B9FA1 /* Debug */ = {
			isa = XCBuildConfiguration;
			buildSettings = {
				GCC_PRECOMPILE_PREFIX_HEADER = YES;
				GCC_PREFIX_HEADER = "Calculator/Calculator-Prefix.pch";
				INFOPLIST_FILE = "Calculator/Calculator-Info.plist";
				PRODUCT_NAME = "$(TARGET_NAME)";
				WRAPPER_EXTENSION = app;
			};
			name = Debug;
		};
		D0D2085C14C71B20003B9FA1 /* Release */ = {
			isa = XCBuildConfiguration;
			buildSettings = {
				GCC_PRECOMPILE_PREFIX_HEADER = YES;
				GCC_PREFIX_HEADER = "Calculator/Calculator-Prefix.pch";
				INFOPLIST_FILE = "Calculator/Calculator-Info.plist";
				PRODUCT_NAME = "$(TARGET_NAME)";
				WRAPPER_EXTENSION = app;
			};
			name = Release;
		};
/* End XCBuildConfiguration section */

/* Begin XCConfigurationList section */
		D0D2083614C71B1F003B9FA1 /* Build configuration list for PBXProject "Calculator" */ = {
			isa = XCConfigurationList;
			buildConfigurations = (
				D0D2085814C71B20003B9FA1 /* Debug */,
				D0D2085914C71B20003B9FA1 /* Release */,
			);
			defaultConfigurationIsVisible = 0;
			defaultConfigurationName = Release;
		};
		D0D2085A14C71B20003B9FA1 /* Build configuration list for PBXNativeTarget "Calculator" */ = {
			isa = XCConfigurationList;
			buildConfigurations = (
				D0D2085B14C71B20003B9FA1 /* Debug */,
				D0D2085C14C71B20003B9FA1 /* Release */,
			);
			defaultConfigurationIsVisible = 0;
		};
/* End XCConfigurationList section */
	};
	rootObject = D0D2083314C71B1F003B9FA1 /* Project object */;
}
